<?xml version="1.0" encoding="utf-8"?>
<Project ToolsVersion="15.0" xmlns="http://schemas.microsoft.com/developer/msbuild/2003">
  <ItemGroup>
    <ClCompile Include="C:\nnabla-c-runtime\src\functions\utilities\accessor.c">
      <Filter>Source Files</Filter>
    </ClCompile>
    <ClCompile Include="C:\nnabla-c-runtime\src\functions\utilities\list.c">
      <Filter>Source Files</Filter>
    </ClCompile>
    <ClCompile Include="C:\nnabla-c-runtime\src\functions\utilities\shape.c">
      <Filter>Source Files</Filter>
    </ClCompile>
    <ClCompile Include="C:\nnabla-c-runtime\src\functions\implements\neural_network\pooling.c">
      <Filter>Source Files</Filter>
    </ClCompile>
    <ClCompile Include="C:\nnabla-c-runtime\src\functions\implements\neural_network\affine\affine.c">
      <Filter>Source Files</Filter>
    </ClCompile>
    <ClCompile Include="C:\nnabla-c-runtime\src\functions\implements\neural_network\affine\affine_generic.c">
      <Filter>Source Files</Filter>
    </ClCompile>
    <ClCompile Include="C:\nnabla-c-runtime\src\functions\implements\neural_network\max_pooling.c">
      <Filter>Source Files</Filter>
    </ClCompile>
    <ClCompile Include="C:\nnabla-c-runtime\src\functions\implements\neural_network\sum_pooling.c">
      <Filter>Source Files</Filter>
    </ClCompile>
    <ClCompile Include="C:\nnabla-c-runtime\src\functions\implements\neural_network\average_pooling.c">
      <Filter>Source Files</Filter>
    </ClCompile>
    <ClCompile Include="C:\nnabla-c-runtime\src\functions\implements\neural_network\unpooling.c">
      <Filter>Source Files</Filter>
    </ClCompile>
    <ClCompile Include="C:\nnabla-c-runtime\src\functions\implements\neural_network\convolution\convolution.c">
      <Filter>Source Files</Filter>
    </ClCompile>
    <ClCompile Include="C:\nnabla-c-runtime\src\functions\implements\neural_network\convolution\convolution_generic.c">
      <Filter>Source Files</Filter>
    </ClCompile>
    <ClCompile Include="C:\nnabla-c-runtime\src\functions\implements\neural_network\convolution\convolution_float.c">
      <Filter>Source Files</Filter>
    </ClCompile>
    <ClCompile Include="C:\nnabla-c-runtime\src\functions\implements\neural_network\convolution\convolution_common.c">
      <Filter>Source Files</Filter>
    </ClCompile>
    <ClCompile Include="C:\nnabla-c-runtime\src\functions\implements\neural_network\convolution\binary_connect_convolution.c">
      <Filter>Source Files</Filter>
    </ClCompile>
    <ClCompile Include="C:\nnabla-c-runtime\src\functions\implements\neural_network\convolution\binary_weight_convolution.c">
      <Filter>Source Files</Filter>
    </ClCompile>
    <ClCompile Include="C:\nnabla-c-runtime\src\functions\implements\neural_network\convolution\depthwise_convolution.c">
      <Filter>Source Files</Filter>
    </ClCompile>
    <ClCompile Include="C:\nnabla-c-runtime\src\functions\implements\neural_network\deconvolution.c">
      <Filter>Source Files</Filter>
    </ClCompile>
    <ClCompile Include="C:\nnabla-c-runtime\src\functions\implements\activation\sigmoid.c">
      <Filter>Source Files</Filter>
    </ClCompile>
    <ClCompile Include="C:\nnabla-c-runtime\src\functions\implements\activation\relu.c">
      <Filter>Source Files</Filter>
    </ClCompile>
    <ClCompile Include="C:\nnabla-c-runtime\src\functions\implements\activation\tanh.c">
      <Filter>Source Files</Filter>
    </ClCompile>
    <ClCompile Include="C:\nnabla-c-runtime\src\functions\implements\activation\softmax.c">
      <Filter>Source Files</Filter>
    </ClCompile>
    <ClCompile Include="C:\nnabla-c-runtime\src\functions\implements\activation\selu.c">
      <Filter>Source Files</Filter>
    </ClCompile>
    <ClCompile Include="C:\nnabla-c-runtime\src\functions\implements\activation\elu.c">
      <Filter>Source Files</Filter>
    </ClCompile>
    <ClCompile Include="C:\nnabla-c-runtime\src\functions\implements\activation\prelu.c">
      <Filter>Source Files</Filter>
    </ClCompile>
    <ClCompile Include="C:\nnabla-c-runtime\src\functions\implements\activation\leakyrelu.c">
      <Filter>Source Files</Filter>
    </ClCompile>
    <ClCompile Include="C:\nnabla-c-runtime\src\functions\implements\activation\crelu.c">
      <Filter>Source Files</Filter>
    </ClCompile>
    <ClCompile Include="C:\nnabla-c-runtime\src\functions\implements\activation\celu.c">
      <Filter>Source Files</Filter>
    </ClCompile>
    <ClCompile Include="C:\nnabla-c-runtime\src\functions\implements\activation\swish.c">
      <Filter>Source Files</Filter>
    </ClCompile>
    <ClCompile Include="C:\nnabla-c-runtime\src\functions\implements\math\abs.c">
      <Filter>Source Files</Filter>
    </ClCompile>
    <ClCompile Include="C:\nnabla-c-runtime\src\functions\implements\math\batch_matmul.c">
      <Filter>Source Files</Filter>
    </ClCompile>
    <ClCompile Include="C:\nnabla-c-runtime\src\functions\implements\math\exp.c">
      <Filter>Source Files</Filter>
    </ClCompile>
    <ClCompile Include="C:\nnabla-c-runtime\src\functions\implements\math\identity.c">
      <Filter>Source Files</Filter>
    </ClCompile>
    <ClCompile Include="C:\nnabla-c-runtime\src\functions\implements\math\log.c">
      <Filter>Source Files</Filter>
    </ClCompile>
    <ClCompile Include="C:\nnabla-c-runtime\src\functions\implements\math\round.c">
      <Filter>Source Files</Filter>
    </ClCompile>
    <ClCompile Include="C:\nnabla-c-runtime\src\functions\implements\quantization\binary_tanh.c">
      <Filter>Source Files</Filter>
    </ClCompile>
    <ClCompile Include="C:\nnabla-c-runtime\src\functions\implements\quantization\binary_sigmoid.c">
      <Filter>Source Files</Filter>
    </ClCompile>
    <ClCompile Include="C:\nnabla-c-runtime\src\functions\implements\quantization\binary_connect_affine.c">
      <Filter>Source Files</Filter>
    </ClCompile>
    <ClCompile Include="C:\nnabla-c-runtime\src\functions\implements\quantization\binary_weight_affine.c">
      <Filter>Source Files</Filter>
    </ClCompile>
    <ClCompile Include="C:\nnabla-c-runtime\src\functions\implements\arithmetic\add_scalar.c">
      <Filter>Source Files</Filter>
    </ClCompile>
    <ClCompile Include="C:\nnabla-c-runtime\src\functions\implements\arithmetic\arithmetic.c">
      <Filter>Source Files</Filter>
    </ClCompile>
    <ClCompile Include="C:\nnabla-c-runtime\src\functions\implements\arithmetic\arithmetic_generic.c">
      <Filter>Source Files</Filter>
    </ClCompile>
    <ClCompile Include="C:\nnabla-c-runtime\src\functions\implements\arithmetic\div2.c">
      <Filter>Source Files</Filter>
    </ClCompile>
    <ClCompile Include="C:\nnabla-c-runtime\src\functions\implements\arithmetic\mul2.c">
      <Filter>Source Files</Filter>
    </ClCompile>
    <ClCompile Include="C:\nnabla-c-runtime\src\functions\implements\arithmetic\mul_scalar.c">
      <Filter>Source Files</Filter>
    </ClCompile>
    <ClCompile Include="C:\nnabla-c-runtime\src\functions\implements\arithmetic\pow2.c">
      <Filter>Source Files</Filter>
    </ClCompile>
    <ClCompile Include="C:\nnabla-c-runtime\src\functions\implements\arithmetic\pow_scalar.c">
      <Filter>Source Files</Filter>
    </ClCompile>
    <ClCompile Include="C:\nnabla-c-runtime\src\functions\implements\arithmetic\r_div_scalar.c">
      <Filter>Source Files</Filter>
    </ClCompile>
    <ClCompile Include="C:\nnabla-c-runtime\src\functions\implements\arithmetic\r_pow_scalar.c">
      <Filter>Source Files</Filter>
    </ClCompile>
    <ClCompile Include="C:\nnabla-c-runtime\src\functions\implements\arithmetic\r_sub_scalar.c">
      <Filter>Source Files</Filter>
    </ClCompile>
    <ClCompile Include="C:\nnabla-c-runtime\src\functions\implements\arithmetic\sub2.c">
      <Filter>Source Files</Filter>
    </ClCompile>
    <ClCompile Include="C:\nnabla-c-runtime\src\functions\implements\arithmetic\add2.c">
      <Filter>Source Files</Filter>
    </ClCompile>
    <ClCompile Include="C:\nnabla-c-runtime\src\functions\implements\logical\maximum_scalar.c">
      <Filter>Source Files</Filter>
    </ClCompile>
    <ClCompile Include="C:\nnabla-c-runtime\src\functions\implements\logical\minimum_scalar.c">
      <Filter>Source Files</Filter>
    </ClCompile>
    <ClCompile Include="C:\nnabla-c-runtime\src\functions\implements\logical\maximum2.c">
      <Filter>Source Files</Filter>
    </ClCompile>
    <ClCompile Include="C:\nnabla-c-runtime\src\functions\implements\logical\minimum2.c">
      <Filter>Source Files</Filter>
    </ClCompile>
    <ClCompile Include="C:\nnabla-c-runtime\src\functions\implements\logical\sign.c">
      <Filter>Source Files</Filter>
    </ClCompile>
    <ClCompile Include="C:\nnabla-c-runtime\src\functions\implements\array\matrix_diag.c">
      <Filter>Source Files</Filter>
    </ClCompile>
    <ClCompile Include="C:\nnabla-c-runtime\src\functions\implements\array\matrix_diag_part.c">
      <Filter>Source Files</Filter>
    </ClCompile>
    <ClCompile Include="C:\nnabla-c-runtime\src\functions\implements\array\reshape.c">
      <Filter>Source Files</Filter>
    </ClCompile>
    <ClCompile Include="C:\nnabla-c-runtime\src\functions\implements\array\concatenate.c">
      <Filter>Source Files</Filter>
    </ClCompile>
    <ClCompile Include="C:\nnabla-c-runtime\src\functions\implements\array\split.c">
      <Filter>Source Files</Filter>
    </ClCompile>
    <ClCompile Include="C:\nnabla-c-runtime\src\functions\implements\array\stack.c">
      <Filter>Source Files</Filter>
    </ClCompile>
    <ClCompile Include="C:\nnabla-c-runtime\src\functions\implements\array\shift.c">
      <Filter>Source Files</Filter>
    </ClCompile>
    <ClCompile Include="C:\nnabla-c-runtime\src\functions\implements\array\slice.c">
      <Filter>Source Files</Filter>
    </ClCompile>
    <ClCompile Include="C:\nnabla-c-runtime\src\functions\implements\array\flip.c">
      <Filter>Source Files</Filter>
    </ClCompile>
    <ClCompile Include="C:\nnabla-c-runtime\src\functions\implements\array\transpose.c">
      <Filter>Source Files</Filter>
    </ClCompile>
    <ClCompile Include="C:\nnabla-c-runtime\src\functions\implements\array\pad.c">
      <Filter>Source Files</Filter>
    </ClCompile>
    <ClCompile Include="C:\nnabla-c-runtime\src\functions\implements\normalization\batch_normalization.c">
      <Filter>Source Files</Filter>
    </ClCompile>
    <ClCompile Include="C:\nnabla-c-runtime\src\functions\implements\normalization\mean_subtraction.c">
      <Filter>Source Files</Filter>
    </ClCompile>
    <ClCompile Include="C:\nnabla-c-runtime\src\functions\implements\stochasticity\dropout.c">
      <Filter>Source Files</Filter>
    </ClCompile>
    <ClCompile Include="C:\nnabla-c-runtime\src\functions\implements\reduction\sum.c">
      <Filter>Source Files</Filter>
    </ClCompile>
    <ClCompile Include="C:\nnabla-c-runtime\src\functions\implements\unimplemented.c">
      <Filter>Source Files</Filter>
    </ClCompile>
    <ClCompile Include="c_source\MainRuntime_example.c" />
    <ClCompile Include="c_source\MainRuntime_inference.c" />
    <ClCompile Include="c_source\MainRuntime_parameters.c" />
  </ItemGroup>
  <ItemGroup>
    <CustomBuild Include="C:\nnabla-c-runtime\src\functions\CMakeLists.txt" />
  </ItemGroup>
  <ItemGroup>
    <Filter Include="Source Files">
      <UniqueIdentifier>{2905353B-CCB4-3166-B776-3412E5AC8378}</UniqueIdentifier>
    </Filter>
  </ItemGroup>
  <ItemGroup>
    <ClInclude Include="c_source\MainRuntime_inference.h" />
    <ClInclude Include="c_source\MainRuntime_parameters.h" />
  </ItemGroup>
</Project>