<?xml version="1.0" encoding="UTF-8"?>
<Project ToolsVersion="15.0" xmlns="http://schemas.microsoft.com/developer/msbuild/2003">
  <ItemGroup>
    <ClCompile Include="C:\nnabla-c-runtime\src\nnablart\main.c">
      <Filter>Source Files</Filter>
    </ClCompile>
    <ClCompile Include="C:\nnabla-c-runtime\src\nnablart\infer.c">
      <Filter>Source Files</Filter>
    </ClCompile>
    <ClCompile Include="C:\nnabla-c-runtime\src\nnablart\dump.c">
      <Filter>Source Files</Filter>
    </ClCompile>
    <ClCompile Include="C:\nnabla-c-runtime\src\nnablart\dump_function.c">
      <Filter>Source Files</Filter>
    </ClCompile>
  </ItemGroup>
  <ItemGroup>
    <CustomBuild Include="C:\nnabla-c-runtime\src\nnablart\CMakeLists.txt" />
  </ItemGroup>
  <ItemGroup>
    <Filter Include="Source Files">
      <UniqueIdentifier>{2905353B-CCB4-3166-B776-3412E5AC8378}</UniqueIdentifier>
    </Filter>
  </ItemGroup>
</Project>
